
Microsoft Visual Studio Solution File, Format Version 12.00
# Visual Studio Version 16
VisualStudioVersion = 16.0.31829.152
MinimumVisualStudioVersion = 10.0.40219.1
Project("{FAE04EC0-301F-11D3-BF4B-00C04F79EFBC}") = "QuartzMemoryLeak", "QuartzMemoryLeak.csproj", "{B24F2786-C59E-4F25-B273-1B82CA3E3244}"
EndProject
Global
	GlobalSection(SolutionConfigurationPlatforms) = preSolution
		Debug|Any CPU = Debug|Any CPU
		Release|Any CPU = Release|Any CPU
	EndGlobalSection
	GlobalSection(ProjectConfigurationPlatforms) = postSolution
		{B24F2786-C59E-4F25-B273-1B82CA3E3244}.Debug|Any CPU.ActiveCfg = Debug|Any CPU
		{B24F2786-C59E-4F25-B273-1B82CA3E3244}.Debug|Any CPU.Build.0 = Debug|Any CPU
		{B24F2786-C59E-4F25-B273-1B82CA3E3244}.Release|Any CPU.ActiveCfg = Release|Any CPU
		{B24F2786-C59E-4F25-B273-1B82CA3E3244}.Release|Any CPU.Build.0 = Release|Any CPU
	EndGlobalSection
	GlobalSection(SolutionProperties) = preSolution
		HideSolutionNode = FALSE
	EndGlobalSection
	GlobalSection(ExtensibilityGlobals) = postSolution
		SolutionGuid = {D099EF1B-91FD-4EAD-99F1-F4D952CF4445}
	EndGlobalSection
EndGlobal
